PODS:
  - AFNetworking (2.4.1):
    - AFNetworking/NSURLConnection
    - AFNetworking/NSURLSession
    - AFNetworking/Reachability
    - AFNetworking/Security
    - AFNetworking/Serialization
    - AFNetworking/UIKit
  - AFNetworking/NSURLConnection (2.4.1):
    - AFNetworking/Reachability
    - AFNetworking/Security
    - AFNetworking/Serialization
  - AFNetworking/NSURLSession (2.4.1):
    - AFNetworking/Reachability
    - AFNetworking/Security
    - AFNetworking/Serialization
  - AFNetworking/Reachability (2.4.1)
  - AFNetworking/Security (2.4.1)
  - AFNetworking/Serialization (2.4.1)
  - AFNetworking/UIKit (2.4.1):
    - AFNetworking/NSURLConnection
    - AFNetworking/NSURLSession
  - Expecta (0.3.0)
  - Masonry (0.5.3)
  - MBProgressHUD (0.9)
  - OCMock (2.2.4)

DEPENDENCIES:
  - AFNetworking (~> 2.0)
  - Expecta (~> 0.3.0)
  - Masonry
  - MBProgressHUD (~> 0.8)
  - OCMock (~> 2.2.4)

SPEC CHECKSUMS:
  AFNetworking: 0aabc6fae66d6e5d039eeb21c315843c7aae51ab
  Expecta: ce8a51b9fad15a2cd573b291cb2909aaed865350
  Masonry: 35368c2ca9577ca87722c12fc52c4bad9b1c1516
  MBProgressHUD: 2038dbcf3dce73215abed6001657043d53aa79a8
  OCMock: 6db79185520e24f9f299548f2b8b07e41d881bd5

COCOAPODS: 0.34.4
