// !$*UTF8*$!
{
	archiveVersion = 1;
	classes = {
	};
	objectVersion = 46;
	objects = {

/* Begin PBXBuildFile section */
		FA5870AE1946FCB100479BCE /* NSManagedObject+Association.swift in Sources */ = {isa = PBXBuildFile; fileRef = FA5870AD1946FCB100479BCE /* NSManagedObject+Association.swift */; };
		FA88768019408E9D00B8BA41 /* AppDelegate.swift in Sources */ = {isa = PBXBuildFile; fileRef = FA88767F19408E9D00B8BA41 /* AppDelegate.swift */; };
		FA88768519408E9D00B8BA41 /* ViewController.swift in Sources */ = {isa = PBXBuildFile; fileRef = FA88768419408E9D00B8BA41 /* ViewController.swift */; };
		FA88768819408E9D00B8BA41 /* Main.storyboard in Resources */ = {isa = PBXBuildFile; fileRef = FA88768619408E9D00B8BA41 /* Main.storyboard */; };
		FA88768A19408E9D00B8BA41 /* Images.xcassets in Resources */ = {isa = PBXBuildFile; fileRef = FA88768919408E9D00B8BA41 /* Images.xcassets */; };
		FA88769619408E9D00B8BA41 /* MAGCoreDataSwiftExampleTests.swift in Sources */ = {isa = PBXBuildFile; fileRef = FA88769519408E9D00B8BA41 /* MAGCoreDataSwiftExampleTests.swift */; };
		FA91DEE71941BE4700DE5F73 /* Model.xcdatamodeld in Sources */ = {isa = PBXBuildFile; fileRef = FA91DEE51941BE4700DE5F73 /* Model.xcdatamodeld */; };
		FA91DEEA1941C01100DE5F73 /* Venues.m in Sources */ = {isa = PBXBuildFile; fileRef = FA91DEE91941C01100DE5F73 /* Venues.m */; };
		FAD70CEA19408F8C00F25246 /* MAGCoreData.swift in Sources */ = {isa = PBXBuildFile; fileRef = FAD70CE919408F8C00F25246 /* MAGCoreData.swift */; };
		FAD70CF4194090B200F25246 /* MAGCoreData.m in Sources */ = {isa = PBXBuildFile; fileRef = FAD70CED194090B200F25246 /* MAGCoreData.m */; };
		FAD70CF91940A09000F25246 /* NSManagedObject+MAGCoreData.swift in Sources */ = {isa = PBXBuildFile; fileRef = FAD70CF81940A09000F25246 /* NSManagedObject+MAGCoreData.swift */; };
/* End PBXBuildFile section */

/* Begin PBXContainerItemProxy section */
		FA88769019408E9D00B8BA41 /* PBXContainerItemProxy */ = {
			isa = PBXContainerItemProxy;
			containerPortal = FA88767219408E9D00B8BA41 /* Project object */;
			proxyType = 1;
			remoteGlobalIDString = FA88767919408E9D00B8BA41;
			remoteInfo = MAGCoreDataSwiftExample;
		};
/* End PBXContainerItemProxy section */

/* Begin PBXFileReference section */
		FA5870AD1946FCB100479BCE /* NSManagedObject+Association.swift */ = {isa = PBXFileReference; fileEncoding = 4; lastKnownFileType = sourcecode.swift; path = "NSManagedObject+Association.swift"; sourceTree = "<group>"; };
		FA88767A19408E9D00B8BA41 /* MAGCoreDataSwiftExample.app */ = {isa = PBXFileReference; explicitFileType = wrapper.application; includeInIndex = 0; path = MAGCoreDataSwiftExample.app; sourceTree = BUILT_PRODUCTS_DIR; };
		FA88767E19408E9D00B8BA41 /* Info.plist */ = {isa = PBXFileReference; lastKnownFileType = text.plist.xml; path = Info.plist; sourceTree = "<group>"; };
		FA88767F19408E9D00B8BA41 /* AppDelegate.swift */ = {isa = PBXFileReference; lastKnownFileType = sourcecode.swift; path = AppDelegate.swift; sourceTree = "<group>"; };
		FA88768419408E9D00B8BA41 /* ViewController.swift */ = {isa = PBXFileReference; lastKnownFileType = sourcecode.swift; path = ViewController.swift; sourceTree = "<group>"; };
		FA88768719408E9D00B8BA41 /* Base */ = {isa = PBXFileReference; lastKnownFileType = file.storyboard; name = Base; path = Base.lproj/Main.storyboard; sourceTree = "<group>"; };
		FA88768919408E9D00B8BA41 /* Images.xcassets */ = {isa = PBXFileReference; lastKnownFileType = folder.assetcatalog; path = Images.xcassets; sourceTree = "<group>"; };
		FA88768F19408E9D00B8BA41 /* MAGCoreDataSwiftExampleTests.xctest */ = {isa = PBXFileReference; explicitFileType = wrapper.cfbundle; includeInIndex = 0; path = MAGCoreDataSwiftExampleTests.xctest; sourceTree = BUILT_PRODUCTS_DIR; };
		FA88769419408E9D00B8BA41 /* Info.plist */ = {isa = PBXFileReference; lastKnownFileType = text.plist.xml; path = Info.plist; sourceTree = "<group>"; };
		FA88769519408E9D00B8BA41 /* MAGCoreDataSwiftExampleTests.swift */ = {isa = PBXFileReference; lastKnownFileType = sourcecode.swift; path = MAGCoreDataSwiftExampleTests.swift; sourceTree = "<group>"; };
		FA91DEE61941BE4700DE5F73 /* Model.xcdatamodel */ = {isa = PBXFileReference; lastKnownFileType = wrapper.xcdatamodel; path = Model.xcdatamodel; sourceTree = "<group>"; };
		FA91DEE81941C01100DE5F73 /* Venues.h */ = {isa = PBXFileReference; fileEncoding = 4; lastKnownFileType = sourcecode.c.h; path = Venues.h; sourceTree = "<group>"; };
		FA91DEE91941C01100DE5F73 /* Venues.m */ = {isa = PBXFileReference; fileEncoding = 4; lastKnownFileType = sourcecode.c.objc; path = Venues.m; sourceTree = "<group>"; };
		FAD70CE919408F8C00F25246 /* MAGCoreData.swift */ = {isa = PBXFileReference; fileEncoding = 4; lastKnownFileType = sourcecode.swift; path = MAGCoreData.swift; sourceTree = "<group>"; };
		FAD70CEC194090B200F25246 /* MAGCoreData.h */ = {isa = PBXFileReference; fileEncoding = 4; lastKnownFileType = sourcecode.c.h; path = MAGCoreData.h; sourceTree = "<group>"; };
		FAD70CED194090B200F25246 /* MAGCoreData.m */ = {isa = PBXFileReference; fileEncoding = 4; lastKnownFileType = sourcecode.c.objc; path = MAGCoreData.m; sourceTree = "<group>"; };
		FAD70CF0194090B200F25246 /* NSManagedObject+MAGCoreData.h */ = {isa = PBXFileReference; fileEncoding = 4; lastKnownFileType = sourcecode.c.h; path = "NSManagedObject+MAGCoreData.h"; sourceTree = "<group>"; };
		FAD70CF1194090B200F25246 /* NSManagedObject+MAGCoreData.m */ = {isa = PBXFileReference; fileEncoding = 4; lastKnownFileType = sourcecode.c.objc; path = "NSManagedObject+MAGCoreData.m"; sourceTree = "<group>"; };
		FAD70CF81940A09000F25246 /* NSManagedObject+MAGCoreData.swift */ = {isa = PBXFileReference; fileEncoding = 4; lastKnownFileType = sourcecode.swift; path = "NSManagedObject+MAGCoreData.swift"; sourceTree = "<group>"; };
		FAD70CFC1941B6DD00F25246 /* MAGCoreDataTestCase.h */ = {isa = PBXFileReference; lastKnownFileType = sourcecode.c.h; path = MAGCoreDataTestCase.h; sourceTree = "<group>"; };
		FAD70CFD1941B6DD00F25246 /* MAGCoreDataTestCase.m */ = {isa = PBXFileReference; lastKnownFileType = sourcecode.c.objc; path = MAGCoreDataTestCase.m; sourceTree = "<group>"; };
		FAD70D001941B6DD00F25246 /* MAGCoreDataFetchingObjectsTests.m */ = {isa = PBXFileReference; lastKnownFileType = sourcecode.c.objc; path = MAGCoreDataFetchingObjectsTests.m; sourceTree = "<group>"; };
		FAD70D011941B6DD00F25246 /* MAGCoreDataObjectCreationTests.m */ = {isa = PBXFileReference; lastKnownFileType = sourcecode.c.objc; path = MAGCoreDataObjectCreationTests.m; sourceTree = "<group>"; };
		FAD70D021941B6DD00F25246 /* MAGCoreDataPrepareTests.m */ = {isa = PBXFileReference; lastKnownFileType = sourcecode.c.objc; path = MAGCoreDataPrepareTests.m; sourceTree = "<group>"; };
		FAD70D031941B6DD00F25246 /* MAGCoreDataSingletonTests.m */ = {isa = PBXFileReference; lastKnownFileType = sourcecode.c.objc; path = MAGCoreDataSingletonTests.m; sourceTree = "<group>"; };
		FAD70D041941B6DD00F25246 /* MAGCoreDataSwiftTests.swift */ = {isa = PBXFileReference; lastKnownFileType = sourcecode.swift; path = MAGCoreDataSwiftTests.swift; sourceTree = "<group>"; };
		FAD70D051941B6DD00F25246 /* MAGCoreDataTest.m */ = {isa = PBXFileReference; lastKnownFileType = sourcecode.c.objc; path = MAGCoreDataTest.m; sourceTree = "<group>"; };
		FAD70D061941B6DD00F25246 /* MAGCoreDataTests-Bridging-Header.h */ = {isa = PBXFileReference; lastKnownFileType = sourcecode.c.h; path = "MAGCoreDataTests-Bridging-Header.h"; sourceTree = "<group>"; };
/* End PBXFileReference section */

/* Begin PBXFrameworksBuildPhase section */
		FA88767719408E9D00B8BA41 /* Frameworks */ = {
			isa = PBXFrameworksBuildPhase;
			buildActionMask = 2147483647;
			files = (
			);
			runOnlyForDeploymentPostprocessing = 0;
		};
		FA88768C19408E9D00B8BA41 /* Frameworks */ = {
			isa = PBXFrameworksBuildPhase;
			buildActionMask = 2147483647;
			files = (
			);
			runOnlyForDeploymentPostprocessing = 0;
		};
/* End PBXFrameworksBuildPhase section */

/* Begin PBXGroup section */
		FA88767119408E9D00B8BA41 = {
			isa = PBXGroup;
			children = (
				FA88767C19408E9D00B8BA41 /* MAGCoreDataSwiftExample */,
				FA88769219408E9D00B8BA41 /* MAGCoreDataSwiftExampleTests */,
				FA88767B19408E9D00B8BA41 /* Products */,
			);
			sourceTree = "<group>";
		};
		FA88767B19408E9D00B8BA41 /* Products */ = {
			isa = PBXGroup;
			children = (
				FA88767A19408E9D00B8BA41 /* MAGCoreDataSwiftExample.app */,
				FA88768F19408E9D00B8BA41 /* MAGCoreDataSwiftExampleTests.xctest */,
			);
			name = Products;
			sourceTree = "<group>";
		};
		FA88767C19408E9D00B8BA41 /* MAGCoreDataSwiftExample */ = {
			isa = PBXGroup;
			children = (
				FA91DEE41941BE1700DE5F73 /* Model */,
				FA88769F19408EB600B8BA41 /* Vendors */,
				FA88767F19408E9D00B8BA41 /* AppDelegate.swift */,
				FA88768419408E9D00B8BA41 /* ViewController.swift */,
				FA88768619408E9D00B8BA41 /* Main.storyboard */,
				FA88768919408E9D00B8BA41 /* Images.xcassets */,
				FA88767D19408E9D00B8BA41 /* Supporting Files */,
			);
			path = MAGCoreDataSwiftExample;
			sourceTree = "<group>";
		};
		FA88767D19408E9D00B8BA41 /* Supporting Files */ = {
			isa = PBXGroup;
			children = (
				FA88767E19408E9D00B8BA41 /* Info.plist */,
			);
			name = "Supporting Files";
			sourceTree = "<group>";
		};
		FA88769219408E9D00B8BA41 /* MAGCoreDataSwiftExampleTests */ = {
			isa = PBXGroup;
			children = (
				FAD70CFA1941B6DD00F25246 /* MAGCoreDataTests */,
				FA88769519408E9D00B8BA41 /* MAGCoreDataSwiftExampleTests.swift */,
				FA88769319408E9D00B8BA41 /* Supporting Files */,
			);
			path = MAGCoreDataSwiftExampleTests;
			sourceTree = "<group>";
		};
		FA88769319408E9D00B8BA41 /* Supporting Files */ = {
			isa = PBXGroup;
			children = (
				FA88769419408E9D00B8BA41 /* Info.plist */,
			);
			name = "Supporting Files";
			sourceTree = "<group>";
		};
		FA88769F19408EB600B8BA41 /* Vendors */ = {
			isa = PBXGroup;
			children = (
				FAD70CEB194090B200F25246 /* MagCoreData */,
				FAD70CE819408F8C00F25246 /* MAGCoreDataSwift */,
			);
			path = Vendors;
			sourceTree = "<group>";
		};
		FA91DEE41941BE1700DE5F73 /* Model */ = {
			isa = PBXGroup;
			children = (
				FA91DEE51941BE4700DE5F73 /* Model.xcdatamodeld */,
				FA91DEE81941C01100DE5F73 /* Venues.h */,
				FA91DEE91941C01100DE5F73 /* Venues.m */,
			);
			path = Model;
			sourceTree = "<group>";
		};
		FAD70CE819408F8C00F25246 /* MAGCoreDataSwift */ = {
			isa = PBXGroup;
			children = (
				FAD70CE919408F8C00F25246 /* MAGCoreData.swift */,
				FA5870AD1946FCB100479BCE /* NSManagedObject+Association.swift */,
				FAD70CF81940A09000F25246 /* NSManagedObject+MAGCoreData.swift */,
			);
			name = MAGCoreDataSwift;
			path = ../../../../MAGCoreDataSwift;
			sourceTree = "<group>";
		};
		FAD70CEB194090B200F25246 /* MagCoreData */ = {
			isa = PBXGroup;
			children = (
				FAD70CEC194090B200F25246 /* MAGCoreData.h */,
				FAD70CED194090B200F25246 /* MAGCoreData.m */,
				FAD70CF0194090B200F25246 /* NSManagedObject+MAGCoreData.h */,
				FAD70CF1194090B200F25246 /* NSManagedObject+MAGCoreData.m */,
			);
			name = MagCoreData;
			path = ../../../../MagCoreData;
			sourceTree = "<group>";
		};
		FAD70CFA1941B6DD00F25246 /* MAGCoreDataTests */ = {
			isa = PBXGroup;
			children = (
				FAD70CFB1941B6DD00F25246 /* Abstract */,
				FAD70D001941B6DD00F25246 /* MAGCoreDataFetchingObjectsTests.m */,
				FAD70D011941B6DD00F25246 /* MAGCoreDataObjectCreationTests.m */,
				FAD70D021941B6DD00F25246 /* MAGCoreDataPrepareTests.m */,
				FAD70D031941B6DD00F25246 /* MAGCoreDataSingletonTests.m */,
				FAD70D041941B6DD00F25246 /* MAGCoreDataSwiftTests.swift */,
				FAD70D051941B6DD00F25246 /* MAGCoreDataTest.m */,
				FAD70D061941B6DD00F25246 /* MAGCoreDataTests-Bridging-Header.h */,
			);
			path = MAGCoreDataTests;
			sourceTree = "<group>";
		};
		FAD70CFB1941B6DD00F25246 /* Abstract */ = {
			isa = PBXGroup;
			children = (
				FAD70CFC1941B6DD00F25246 /* MAGCoreDataTestCase.h */,
				FAD70CFD1941B6DD00F25246 /* MAGCoreDataTestCase.m */,
			);
			path = Abstract;
			sourceTree = "<group>";
		};
/* End PBXGroup section */

/* Begin PBXNativeTarget section */
		FA88767919408E9D00B8BA41 /* MAGCoreDataSwiftExample */ = {
			isa = PBXNativeTarget;
			buildConfigurationList = FA88769919408E9D00B8BA41 /* Build configuration list for PBXNativeTarget "MAGCoreDataSwiftExample" */;
			buildPhases = (
				FA88767619408E9D00B8BA41 /* Sources */,
				FA88767719408E9D00B8BA41 /* Frameworks */,
				FA88767819408E9D00B8BA41 /* Resources */,
			);
			buildRules = (
			);
			dependencies = (
			);
			name = MAGCoreDataSwiftExample;
			productName = MAGCoreDataSwiftExample;
			productReference = FA88767A19408E9D00B8BA41 /* MAGCoreDataSwiftExample.app */;
			productType = "com.apple.product-type.application";
		};
		FA88768E19408E9D00B8BA41 /* MAGCoreDataSwiftExampleTests */ = {
			isa = PBXNativeTarget;
			buildConfigurationList = FA88769C19408E9D00B8BA41 /* Build configuration list for PBXNativeTarget "MAGCoreDataSwiftExampleTests" */;
			buildPhases = (
				FA88768B19408E9D00B8BA41 /* Sources */,
				FA88768C19408E9D00B8BA41 /* Frameworks */,
				FA88768D19408E9D00B8BA41 /* Resources */,
			);
			buildRules = (
			);
			dependencies = (
				FA88769119408E9D00B8BA41 /* PBXTargetDependency */,
			);
			name = MAGCoreDataSwiftExampleTests;
			productName = MAGCoreDataSwiftExampleTests;
			productReference = FA88768F19408E9D00B8BA41 /* MAGCoreDataSwiftExampleTests.xctest */;
			productType = "com.apple.product-type.bundle.unit-test";
		};
/* End PBXNativeTarget section */

/* Begin PBXProject section */
		FA88767219408E9D00B8BA41 /* Project object */ = {
			isa = PBXProject;
			attributes = {
				LastUpgradeCheck = 0600;
				ORGANIZATIONNAME = MadAppGang;
				TargetAttributes = {
					FA88767919408E9D00B8BA41 = {
						CreatedOnToolsVersion = 6.0;
					};
					FA88768E19408E9D00B8BA41 = {
						CreatedOnToolsVersion = 6.0;
						TestTargetID = FA88767919408E9D00B8BA41;
					};
				};
			};
			buildConfigurationList = FA88767519408E9D00B8BA41 /* Build configuration list for PBXProject "MAGCoreDataSwiftExample" */;
			compatibilityVersion = "Xcode 3.2";
			developmentRegion = English;
			hasScannedForEncodings = 0;
			knownRegions = (
				en,
				Base,
			);
			mainGroup = FA88767119408E9D00B8BA41;
			productRefGroup = FA88767B19408E9D00B8BA41 /* Products */;
			projectDirPath = "";
			projectRoot = "";
			targets = (
				FA88767919408E9D00B8BA41 /* MAGCoreDataSwiftExample */,
				FA88768E19408E9D00B8BA41 /* MAGCoreDataSwiftExampleTests */,
			);
		};
/* End PBXProject section */

/* Begin PBXResourcesBuildPhase section */
		FA88767819408E9D00B8BA41 /* Resources */ = {
			isa = PBXResourcesBuildPhase;
			buildActionMask = 2147483647;
			files = (
				FA88768819408E9D00B8BA41 /* Main.storyboard in Resources */,
				FA88768A19408E9D00B8BA41 /* Images.xcassets in Resources */,
			);
			runOnlyForDeploymentPostprocessing = 0;
		};
		FA88768D19408E9D00B8BA41 /* Resources */ = {
			isa = PBXResourcesBuildPhase;
			buildActionMask = 2147483647;
			files = (
			);
			runOnlyForDeploymentPostprocessing = 0;
		};
/* End PBXResourcesBuildPhase section */

/* Begin PBXSourcesBuildPhase section */
		FA88767619408E9D00B8BA41 /* Sources */ = {
			isa = PBXSourcesBuildPhase;
			buildActionMask = 2147483647;
			files = (
				FAD70CEA19408F8C00F25246 /* MAGCoreData.swift in Sources */,
				FA91DEEA1941C01100DE5F73 /* Venues.m in Sources */,
				FA88768519408E9D00B8BA41 /* ViewController.swift in Sources */,
				FA5870AE1946FCB100479BCE /* NSManagedObject+Association.swift in Sources */,
				FAD70CF91940A09000F25246 /* NSManagedObject+MAGCoreData.swift in Sources */,
				FA91DEE71941BE4700DE5F73 /* Model.xcdatamodeld in Sources */,
				FA88768019408E9D00B8BA41 /* AppDelegate.swift in Sources */,
				FAD70CF4194090B200F25246 /* MAGCoreData.m in Sources */,
			);
			runOnlyForDeploymentPostprocessing = 0;
		};
		FA88768B19408E9D00B8BA41 /* Sources */ = {
			isa = PBXSourcesBuildPhase;
			buildActionMask = 2147483647;
			files = (
				FA88769619408E9D00B8BA41 /* MAGCoreDataSwiftExampleTests.swift in Sources */,
			);
			runOnlyForDeploymentPostprocessing = 0;
		};
/* End PBXSourcesBuildPhase section */

/* Begin PBXTargetDependency section */
		FA88769119408E9D00B8BA41 /* PBXTargetDependency */ = {
			isa = PBXTargetDependency;
			target = FA88767919408E9D00B8BA41 /* MAGCoreDataSwiftExample */;
			targetProxy = FA88769019408E9D00B8BA41 /* PBXContainerItemProxy */;
		};
/* End PBXTargetDependency section */

/* Begin PBXVariantGroup section */
		FA88768619408E9D00B8BA41 /* Main.storyboard */ = {
			isa = PBXVariantGroup;
			children = (
				FA88768719408E9D00B8BA41 /* Base */,
			);
			name = Main.storyboard;
			sourceTree = "<group>";
		};
/* End PBXVariantGroup section */

/* Begin XCBuildConfiguration section */
		FA88769719408E9D00B8BA41 /* Debug */ = {
			isa = XCBuildConfiguration;
			buildSettings = {
				ALWAYS_SEARCH_USER_PATHS = NO;
				CLANG_CXX_LANGUAGE_STANDARD = "gnu++0x";
				CLANG_CXX_LIBRARY = "libc++";
				CLANG_ENABLE_MODULES = YES;
				CLANG_ENABLE_OBJC_ARC = YES;
				CLANG_WARN_BOOL_CONVERSION = YES;
				CLANG_WARN_CONSTANT_CONVERSION = YES;
				CLANG_WARN_DIRECT_OBJC_ISA_USAGE = YES_ERROR;
				CLANG_WARN_EMPTY_BODY = YES;
				CLANG_WARN_ENUM_CONVERSION = YES;
				CLANG_WARN_INT_CONVERSION = YES;
				CLANG_WARN_OBJC_ROOT_CLASS = YES_ERROR;
				CLANG_WARN_UNREACHABLE_CODE = YES;
				CLANG_WARN__DUPLICATE_METHOD_MATCH = YES;
				"CODE_SIGN_IDENTITY[sdk=iphoneos*]" = "iPhone Developer";
				COPY_PHASE_STRIP = NO;
				ENABLE_STRICT_OBJC_MSGSEND = YES;
				GCC_C_LANGUAGE_STANDARD = gnu99;
				GCC_DYNAMIC_NO_PIC = NO;
				GCC_OPTIMIZATION_LEVEL = 0;
				GCC_PREPROCESSOR_DEFINITIONS = (
					"DEBUG=1",
					"$(inherited)",
				);
				GCC_SYMBOLS_PRIVATE_EXTERN = NO;
				GCC_WARN_64_TO_32_BIT_CONVERSION = YES;
				GCC_WARN_ABOUT_RETURN_TYPE = YES_ERROR;
				GCC_WARN_UNDECLARED_SELECTOR = YES;
				GCC_WARN_UNINITIALIZED_AUTOS = YES_AGGRESSIVE;
				GCC_WARN_UNUSED_FUNCTION = YES;
				GCC_WARN_UNUSED_VARIABLE = YES;
				IPHONEOS_DEPLOYMENT_TARGET = 8.0;
				METAL_ENABLE_DEBUG_INFO = YES;
				ONLY_ACTIVE_ARCH = YES;
				SDKROOT = iphoneos;
				SWIFT_OPTIMIZATION_LEVEL = "-Onone";
			};
			name = Debug;
		};
		FA88769819408E9D00B8BA41 /* Release */ = {
			isa = XCBuildConfiguration;
			buildSettings = {
				ALWAYS_SEARCH_USER_PATHS = NO;
				CLANG_CXX_LANGUAGE_STANDARD = "gnu++0x";
				CLANG_CXX_LIBRARY = "libc++";
				CLANG_ENABLE_MODULES = YES;
				CLANG_ENABLE_OBJC_ARC = YES;
				CLANG_WARN_BOOL_CONVERSION = YES;
				CLANG_WARN_CONSTANT_CONVERSION = YES;
				CLANG_WARN_DIRECT_OBJC_ISA_USAGE = YES_ERROR;
				CLANG_WARN_EMPTY_BODY = YES;
				CLANG_WARN_ENUM_CONVERSION = YES;
				CLANG_WARN_INT_CONVERSION = YES;
				CLANG_WARN_OBJC_ROOT_CLASS = YES_ERROR;
				CLANG_WARN_UNREACHABLE_CODE = YES;
				CLANG_WARN__DUPLICATE_METHOD_MATCH = YES;
				"CODE_SIGN_IDENTITY[sdk=iphoneos*]" = "iPhone Developer";
				COPY_PHASE_STRIP = YES;
				ENABLE_NS_ASSERTIONS = NO;
				ENABLE_STRICT_OBJC_MSGSEND = YES;
				GCC_C_LANGUAGE_STANDARD = gnu99;
				GCC_WARN_64_TO_32_BIT_CONVERSION = YES;
				GCC_WARN_ABOUT_RETURN_TYPE = YES_ERROR;
				GCC_WARN_UNDECLARED_SELECTOR = YES;
				GCC_WARN_UNINITIALIZED_AUTOS = YES_AGGRESSIVE;
				GCC_WARN_UNUSED_FUNCTION = YES;
				GCC_WARN_UNUSED_VARIABLE = YES;
				IPHONEOS_DEPLOYMENT_TARGET = 8.0;
				METAL_ENABLE_DEBUG_INFO = NO;
				SDKROOT = iphoneos;
				VALIDATE_PRODUCT = YES;
			};
			name = Release;
		};
		FA88769A19408E9D00B8BA41 /* Debug */ = {
			isa = XCBuildConfiguration;
			buildSettings = {
				ASSETCATALOG_COMPILER_APPICON_NAME = AppIcon;
				ASSETCATALOG_COMPILER_LAUNCHIMAGE_NAME = LaunchImage;
				INFOPLIST_FILE = MAGCoreDataSwiftExample/Info.plist;
				LD_RUNPATH_SEARCH_PATHS = "$(inherited) @executable_path/Frameworks";
				PRODUCT_NAME = "$(TARGET_NAME)";
				SWIFT_OBJC_BRIDGING_HEADER = "";
			};
			name = Debug;
		};
		FA88769B19408E9D00B8BA41 /* Release */ = {
			isa = XCBuildConfiguration;
			buildSettings = {
				ASSETCATALOG_COMPILER_APPICON_NAME = AppIcon;
				ASSETCATALOG_COMPILER_LAUNCHIMAGE_NAME = LaunchImage;
				INFOPLIST_FILE = MAGCoreDataSwiftExample/Info.plist;
				LD_RUNPATH_SEARCH_PATHS = "$(inherited) @executable_path/Frameworks";
				PRODUCT_NAME = "$(TARGET_NAME)";
				SWIFT_OBJC_BRIDGING_HEADER = "";
			};
			name = Release;
		};
		FA88769D19408E9D00B8BA41 /* Debug */ = {
			isa = XCBuildConfiguration;
			buildSettings = {
				BUNDLE_LOADER = "$(BUILT_PRODUCTS_DIR)/MAGCoreDataSwiftExample.app/MAGCoreDataSwiftExample";
				FRAMEWORK_SEARCH_PATHS = (
					"$(SDKROOT)/Developer/Library/Frameworks",
					"$(inherited)",
				);
				GCC_PREPROCESSOR_DEFINITIONS = (
					"DEBUG=1",
					"$(inherited)",
				);
				INFOPLIST_FILE = MAGCoreDataSwiftExampleTests/Info.plist;
				LD_RUNPATH_SEARCH_PATHS = "$(inherited) @executable_path/Frameworks @loader_path/Frameworks";
				METAL_ENABLE_DEBUG_INFO = YES;
				PRODUCT_NAME = "$(TARGET_NAME)";
				TEST_HOST = "$(BUNDLE_LOADER)";
			};
			name = Debug;
		};
		FA88769E19408E9D00B8BA41 /* Release */ = {
			isa = XCBuildConfiguration;
			buildSettings = {
				BUNDLE_LOADER = "$(BUILT_PRODUCTS_DIR)/MAGCoreDataSwiftExample.app/MAGCoreDataSwiftExample";
				FRAMEWORK_SEARCH_PATHS = (
					"$(SDKROOT)/Developer/Library/Frameworks",
					"$(inherited)",
				);
				INFOPLIST_FILE = MAGCoreDataSwiftExampleTests/Info.plist;
				LD_RUNPATH_SEARCH_PATHS = "$(inherited) @executable_path/Frameworks @loader_path/Frameworks";
				METAL_ENABLE_DEBUG_INFO = NO;
				PRODUCT_NAME = "$(TARGET_NAME)";
				TEST_HOST = "$(BUNDLE_LOADER)";
			};
			name = Release;
		};
/* End XCBuildConfiguration section */

/* Begin XCConfigurationList section */
		FA88767519408E9D00B8BA41 /* Build configuration list for PBXProject "MAGCoreDataSwiftExample" */ = {
			isa = XCConfigurationList;
			buildConfigurations = (
				FA88769719408E9D00B8BA41 /* Debug */,
				FA88769819408E9D00B8BA41 /* Release */,
			);
			defaultConfigurationIsVisible = 0;
			defaultConfigurationName = Release;
		};
		FA88769919408E9D00B8BA41 /* Build configuration list for PBXNativeTarget "MAGCoreDataSwiftExample" */ = {
			isa = XCConfigurationList;
			buildConfigurations = (
				FA88769A19408E9D00B8BA41 /* Debug */,
				FA88769B19408E9D00B8BA41 /* Release */,
			);
			defaultConfigurationIsVisible = 0;
			defaultConfigurationName = Release;
		};
		FA88769C19408E9D00B8BA41 /* Build configuration list for PBXNativeTarget "MAGCoreDataSwiftExampleTests" */ = {
			isa = XCConfigurationList;
			buildConfigurations = (
				FA88769D19408E9D00B8BA41 /* Debug */,
				FA88769E19408E9D00B8BA41 /* Release */,
			);
			defaultConfigurationIsVisible = 0;
			defaultConfigurationName = Release;
		};
/* End XCConfigurationList section */

/* Begin XCVersionGroup section */
		FA91DEE51941BE4700DE5F73 /* Model.xcdatamodeld */ = {
			isa = XCVersionGroup;
			children = (
				FA91DEE61941BE4700DE5F73 /* Model.xcdatamodel */,
			);
			currentVersion = FA91DEE61941BE4700DE5F73 /* Model.xcdatamodel */;
			path = Model.xcdatamodeld;
			sourceTree = "<group>";
			versionGroupType = wrapper.xcdatamodel;
		};
/* End XCVersionGroup section */
	};
	rootObject = FA88767219408E9D00B8BA41 /* Project object */;
}
