// !$*UTF8*$!
{
	archiveVersion = 1;
	classes = {
	};
	objectVersion = 46;
	objects = {

/* Begin PBXAggregateTarget section */
		182F36A91B304FF900C49DCB /* Mogenerator */ = {
			isa = PBXAggregateTarget;
			buildConfigurationList = 182F36AA1B304FF900C49DCB /* Build configuration list for PBXAggregateTarget "Mogenerator" */;
			buildPhases = (
				182F36AD1B30500900C49DCB /* ShellScript */,
			);
			dependencies = (
			);
			name = Mogenerator;
			productName = Mogenerator;
		};
/* End PBXAggregateTarget section */

/* Begin PBXBuildFile section */
		182F36811B304DC900C49DCB /* AppDelegate.swift in Sources */ = {isa = PBXBuildFile; fileRef = 182F36801B304DC900C49DCB /* AppDelegate.swift */; };
		182F36831B304DC900C49DCB /* ViewController.swift in Sources */ = {isa = PBXBuildFile; fileRef = 182F36821B304DC900C49DCB /* ViewController.swift */; };
		182F36861B304DCA00C49DCB /* Main.storyboard in Resources */ = {isa = PBXBuildFile; fileRef = 182F36841B304DCA00C49DCB /* Main.storyboard */; };
		182F36881B304DCA00C49DCB /* Images.xcassets in Resources */ = {isa = PBXBuildFile; fileRef = 182F36871B304DCA00C49DCB /* Images.xcassets */; };
		182F368B1B304DCA00C49DCB /* LaunchScreen.xib in Resources */ = {isa = PBXBuildFile; fileRef = 182F36891B304DCA00C49DCB /* LaunchScreen.xib */; };
		182F36C71B30523700C49DCB /* CarModel.swift in Sources */ = {isa = PBXBuildFile; fileRef = 182F36C21B30523700C49DCB /* CarModel.swift */; };
		182F36C81B30523700C49DCB /* CarModel.swift in Sources */ = {isa = PBXBuildFile; fileRef = 182F36C21B30523700C49DCB /* CarModel.swift */; };
		182F36C91B30523700C49DCB /* PersonModel.swift in Sources */ = {isa = PBXBuildFile; fileRef = 182F36C31B30523700C49DCB /* PersonModel.swift */; };
		182F36CA1B30523700C49DCB /* PersonModel.swift in Sources */ = {isa = PBXBuildFile; fileRef = 182F36C31B30523700C49DCB /* PersonModel.swift */; };
		182F36CB1B30523700C49DCB /* _CarModel.swift in Sources */ = {isa = PBXBuildFile; fileRef = 182F36C51B30523700C49DCB /* _CarModel.swift */; };
		182F36CC1B30523700C49DCB /* _CarModel.swift in Sources */ = {isa = PBXBuildFile; fileRef = 182F36C51B30523700C49DCB /* _CarModel.swift */; };
		182F36CD1B30523700C49DCB /* _PersonModel.swift in Sources */ = {isa = PBXBuildFile; fileRef = 182F36C61B30523700C49DCB /* _PersonModel.swift */; };
		182F36CE1B30523700C49DCB /* _PersonModel.swift in Sources */ = {isa = PBXBuildFile; fileRef = 182F36C61B30523700C49DCB /* _PersonModel.swift */; };
		182F36CF1B30524900C49DCB /* MAGCoreDataExampleTests.swift in Sources */ = {isa = PBXBuildFile; fileRef = 182F36961B304DCA00C49DCB /* MAGCoreDataExampleTests.swift */; };
		182F36D51B30530900C49DCB /* FetchedResultsControllerManager.swift in Sources */ = {isa = PBXBuildFile; fileRef = 182F36D21B30530900C49DCB /* FetchedResultsControllerManager.swift */; };
		182F36D61B30530900C49DCB /* FetchedResultsControllerManager.swift in Sources */ = {isa = PBXBuildFile; fileRef = 182F36D21B30530900C49DCB /* FetchedResultsControllerManager.swift */; };
		182F36D71B30530900C49DCB /* MAGCoreData.swift in Sources */ = {isa = PBXBuildFile; fileRef = 182F36D31B30530900C49DCB /* MAGCoreData.swift */; };
		182F36D81B30530900C49DCB /* MAGCoreData.swift in Sources */ = {isa = PBXBuildFile; fileRef = 182F36D31B30530900C49DCB /* MAGCoreData.swift */; };
		182F36D91B30530900C49DCB /* NSManagedObject+MAGCoreData.swift in Sources */ = {isa = PBXBuildFile; fileRef = 182F36D41B30530900C49DCB /* NSManagedObject+MAGCoreData.swift */; };
		182F36DA1B30530900C49DCB /* NSManagedObject+MAGCoreData.swift in Sources */ = {isa = PBXBuildFile; fileRef = 182F36D41B30530900C49DCB /* NSManagedObject+MAGCoreData.swift */; };
		182F36DD1B3053A200C49DCB /* Model.xcdatamodeld in Sources */ = {isa = PBXBuildFile; fileRef = 182F36DB1B3053A200C49DCB /* Model.xcdatamodeld */; };
		182F36DE1B3053A200C49DCB /* Model.xcdatamodeld in Sources */ = {isa = PBXBuildFile; fileRef = 182F36DB1B3053A200C49DCB /* Model.xcdatamodeld */; };
/* End PBXBuildFile section */

/* Begin PBXContainerItemProxy section */
		182F36911B304DCA00C49DCB /* PBXContainerItemProxy */ = {
			isa = PBXContainerItemProxy;
			containerPortal = 182F36731B304DC800C49DCB /* Project object */;
			proxyType = 1;
			remoteGlobalIDString = 182F367A1B304DC800C49DCB;
			remoteInfo = MAGCoreDataExample;
		};
/* End PBXContainerItemProxy section */

/* Begin PBXFileReference section */
		182F367B1B304DC800C49DCB /* MAGCoreDataExample.app */ = {isa = PBXFileReference; explicitFileType = wrapper.application; includeInIndex = 0; path = MAGCoreDataExample.app; sourceTree = BUILT_PRODUCTS_DIR; };
		182F367F1B304DC800C49DCB /* Info.plist */ = {isa = PBXFileReference; lastKnownFileType = text.plist.xml; path = Info.plist; sourceTree = "<group>"; };
		182F36801B304DC900C49DCB /* AppDelegate.swift */ = {isa = PBXFileReference; lastKnownFileType = sourcecode.swift; path = AppDelegate.swift; sourceTree = "<group>"; };
		182F36821B304DC900C49DCB /* ViewController.swift */ = {isa = PBXFileReference; lastKnownFileType = sourcecode.swift; path = ViewController.swift; sourceTree = "<group>"; };
		182F36851B304DCA00C49DCB /* Base */ = {isa = PBXFileReference; lastKnownFileType = file.storyboard; name = Base; path = Base.lproj/Main.storyboard; sourceTree = "<group>"; };
		182F36871B304DCA00C49DCB /* Images.xcassets */ = {isa = PBXFileReference; lastKnownFileType = folder.assetcatalog; path = Images.xcassets; sourceTree = "<group>"; };
		182F368A1B304DCA00C49DCB /* Base */ = {isa = PBXFileReference; lastKnownFileType = file.xib; name = Base; path = Base.lproj/LaunchScreen.xib; sourceTree = "<group>"; };
		182F36901B304DCA00C49DCB /* MAGCoreDataExampleTests.xctest */ = {isa = PBXFileReference; explicitFileType = wrapper.cfbundle; includeInIndex = 0; path = MAGCoreDataExampleTests.xctest; sourceTree = BUILT_PRODUCTS_DIR; };
		182F36951B304DCA00C49DCB /* Info.plist */ = {isa = PBXFileReference; lastKnownFileType = text.plist.xml; path = Info.plist; sourceTree = "<group>"; };
		182F36961B304DCA00C49DCB /* MAGCoreDataExampleTests.swift */ = {isa = PBXFileReference; lastKnownFileType = sourcecode.swift; path = MAGCoreDataExampleTests.swift; sourceTree = "<group>"; };
		182F36C21B30523700C49DCB /* CarModel.swift */ = {isa = PBXFileReference; fileEncoding = 4; lastKnownFileType = sourcecode.swift; path = CarModel.swift; sourceTree = "<group>"; };
		182F36C31B30523700C49DCB /* PersonModel.swift */ = {isa = PBXFileReference; fileEncoding = 4; lastKnownFileType = sourcecode.swift; path = PersonModel.swift; sourceTree = "<group>"; };
		182F36C51B30523700C49DCB /* _CarModel.swift */ = {isa = PBXFileReference; fileEncoding = 4; lastKnownFileType = sourcecode.swift; path = _CarModel.swift; sourceTree = "<group>"; };
		182F36C61B30523700C49DCB /* _PersonModel.swift */ = {isa = PBXFileReference; fileEncoding = 4; lastKnownFileType = sourcecode.swift; path = _PersonModel.swift; sourceTree = "<group>"; };
		182F36D21B30530900C49DCB /* FetchedResultsControllerManager.swift */ = {isa = PBXFileReference; fileEncoding = 4; lastKnownFileType = sourcecode.swift; path = FetchedResultsControllerManager.swift; sourceTree = "<group>"; };
		182F36D31B30530900C49DCB /* MAGCoreData.swift */ = {isa = PBXFileReference; fileEncoding = 4; lastKnownFileType = sourcecode.swift; path = MAGCoreData.swift; sourceTree = "<group>"; };
		182F36D41B30530900C49DCB /* NSManagedObject+MAGCoreData.swift */ = {isa = PBXFileReference; fileEncoding = 4; lastKnownFileType = sourcecode.swift; path = "NSManagedObject+MAGCoreData.swift"; sourceTree = "<group>"; };
		182F36DC1B3053A200C49DCB /* Model.xcdatamodel */ = {isa = PBXFileReference; lastKnownFileType = wrapper.xcdatamodel; path = Model.xcdatamodel; sourceTree = "<group>"; };
/* End PBXFileReference section */

/* Begin PBXFrameworksBuildPhase section */
		182F36781B304DC800C49DCB /* Frameworks */ = {
			isa = PBXFrameworksBuildPhase;
			buildActionMask = 2147483647;
			files = (
			);
			runOnlyForDeploymentPostprocessing = 0;
		};
		182F368D1B304DCA00C49DCB /* Frameworks */ = {
			isa = PBXFrameworksBuildPhase;
			buildActionMask = 2147483647;
			files = (
			);
			runOnlyForDeploymentPostprocessing = 0;
		};
/* End PBXFrameworksBuildPhase section */

/* Begin PBXGroup section */
		182F36721B304DC800C49DCB = {
			isa = PBXGroup;
			children = (
				182F367D1B304DC800C49DCB /* MAGCoreDataExample */,
				182F36931B304DCA00C49DCB /* MAGCoreDataExampleTests */,
				182F367C1B304DC800C49DCB /* Products */,
			);
			sourceTree = "<group>";
		};
		182F367C1B304DC800C49DCB /* Products */ = {
			isa = PBXGroup;
			children = (
				182F367B1B304DC800C49DCB /* MAGCoreDataExample.app */,
				182F36901B304DCA00C49DCB /* MAGCoreDataExampleTests.xctest */,
			);
			name = Products;
			sourceTree = "<group>";
		};
		182F367D1B304DC800C49DCB /* MAGCoreDataExample */ = {
			isa = PBXGroup;
			children = (
				182F36A81B304FC600C49DCB /* Models */,
				182F36D11B30530900C49DCB /* MAGCoreData */,
				182F36821B304DC900C49DCB /* ViewController.swift */,
				182F36801B304DC900C49DCB /* AppDelegate.swift */,
				182F36841B304DCA00C49DCB /* Main.storyboard */,
				182F36871B304DCA00C49DCB /* Images.xcassets */,
				182F36891B304DCA00C49DCB /* LaunchScreen.xib */,
				182F367E1B304DC800C49DCB /* Supporting Files */,
			);
			path = MAGCoreDataExample;
			sourceTree = "<group>";
		};
		182F367E1B304DC800C49DCB /* Supporting Files */ = {
			isa = PBXGroup;
			children = (
				182F367F1B304DC800C49DCB /* Info.plist */,
			);
			name = "Supporting Files";
			sourceTree = "<group>";
		};
		182F36931B304DCA00C49DCB /* MAGCoreDataExampleTests */ = {
			isa = PBXGroup;
			children = (
				182F36961B304DCA00C49DCB /* MAGCoreDataExampleTests.swift */,
				182F36941B304DCA00C49DCB /* Supporting Files */,
			);
			path = MAGCoreDataExampleTests;
			sourceTree = "<group>";
		};
		182F36941B304DCA00C49DCB /* Supporting Files */ = {
			isa = PBXGroup;
			children = (
				182F36951B304DCA00C49DCB /* Info.plist */,
			);
			name = "Supporting Files";
			sourceTree = "<group>";
		};
		182F36A81B304FC600C49DCB /* Models */ = {
			isa = PBXGroup;
			children = (
				182F36C41B30523700C49DCB /* MachineModel */,
				182F36C11B30523700C49DCB /* HumanModel */,
				182F36DB1B3053A200C49DCB /* Model.xcdatamodeld */,
			);
			path = Models;
			sourceTree = "<group>";
		};
		182F36C11B30523700C49DCB /* HumanModel */ = {
			isa = PBXGroup;
			children = (
				182F36C21B30523700C49DCB /* CarModel.swift */,
				182F36C31B30523700C49DCB /* PersonModel.swift */,
			);
			path = HumanModel;
			sourceTree = "<group>";
		};
		182F36C41B30523700C49DCB /* MachineModel */ = {
			isa = PBXGroup;
			children = (
				182F36C51B30523700C49DCB /* _CarModel.swift */,
				182F36C61B30523700C49DCB /* _PersonModel.swift */,
			);
			path = MachineModel;
			sourceTree = "<group>";
		};
		182F36D11B30530900C49DCB /* MAGCoreData */ = {
			isa = PBXGroup;
			children = (
				182F36D21B30530900C49DCB /* FetchedResultsControllerManager.swift */,
				182F36D31B30530900C49DCB /* MAGCoreData.swift */,
				182F36D41B30530900C49DCB /* NSManagedObject+MAGCoreData.swift */,
			);
			name = MAGCoreData;
			path = ../../MAGCoreData;
			sourceTree = "<group>";
		};
/* End PBXGroup section */

/* Begin PBXNativeTarget section */
		182F367A1B304DC800C49DCB /* MAGCoreDataExample */ = {
			isa = PBXNativeTarget;
			buildConfigurationList = 182F369A1B304DCA00C49DCB /* Build configuration list for PBXNativeTarget "MAGCoreDataExample" */;
			buildPhases = (
				182F36771B304DC800C49DCB /* Sources */,
				182F36781B304DC800C49DCB /* Frameworks */,
				182F36791B304DC800C49DCB /* Resources */,
			);
			buildRules = (
			);
			dependencies = (
			);
			name = MAGCoreDataExample;
			productName = MAGCoreDataExample;
			productReference = 182F367B1B304DC800C49DCB /* MAGCoreDataExample.app */;
			productType = "com.apple.product-type.application";
		};
		182F368F1B304DCA00C49DCB /* MAGCoreDataExampleTests */ = {
			isa = PBXNativeTarget;
			buildConfigurationList = 182F369D1B304DCA00C49DCB /* Build configuration list for PBXNativeTarget "MAGCoreDataExampleTests" */;
			buildPhases = (
				182F368C1B304DCA00C49DCB /* Sources */,
				182F368D1B304DCA00C49DCB /* Frameworks */,
				182F368E1B304DCA00C49DCB /* Resources */,
			);
			buildRules = (
			);
			dependencies = (
				182F36921B304DCA00C49DCB /* PBXTargetDependency */,
			);
			name = MAGCoreDataExampleTests;
			productName = MAGCoreDataExampleTests;
			productReference = 182F36901B304DCA00C49DCB /* MAGCoreDataExampleTests.xctest */;
			productType = "com.apple.product-type.bundle.unit-test";
		};
/* End PBXNativeTarget section */

/* Begin PBXProject section */
		182F36731B304DC800C49DCB /* Project object */ = {
			isa = PBXProject;
			attributes = {
				LastUpgradeCheck = 0630;
				ORGANIZATIONNAME = MadAppGang;
				TargetAttributes = {
					182F367A1B304DC800C49DCB = {
						CreatedOnToolsVersion = 6.3.2;
					};
					182F368F1B304DCA00C49DCB = {
						CreatedOnToolsVersion = 6.3.2;
					};
					182F36A91B304FF900C49DCB = {
						CreatedOnToolsVersion = 6.3.2;
					};
				};
			};
			buildConfigurationList = 182F36761B304DC800C49DCB /* Build configuration list for PBXProject "MAGCoreDataExample" */;
			compatibilityVersion = "Xcode 3.2";
			developmentRegion = English;
			hasScannedForEncodings = 0;
			knownRegions = (
				en,
				Base,
			);
			mainGroup = 182F36721B304DC800C49DCB;
			productRefGroup = 182F367C1B304DC800C49DCB /* Products */;
			projectDirPath = "";
			projectRoot = "";
			targets = (
				182F367A1B304DC800C49DCB /* MAGCoreDataExample */,
				182F368F1B304DCA00C49DCB /* MAGCoreDataExampleTests */,
				182F36A91B304FF900C49DCB /* Mogenerator */,
			);
		};
/* End PBXProject section */

/* Begin PBXResourcesBuildPhase section */
		182F36791B304DC800C49DCB /* Resources */ = {
			isa = PBXResourcesBuildPhase;
			buildActionMask = 2147483647;
			files = (
				182F36861B304DCA00C49DCB /* Main.storyboard in Resources */,
				182F368B1B304DCA00C49DCB /* LaunchScreen.xib in Resources */,
				182F36881B304DCA00C49DCB /* Images.xcassets in Resources */,
			);
			runOnlyForDeploymentPostprocessing = 0;
		};
		182F368E1B304DCA00C49DCB /* Resources */ = {
			isa = PBXResourcesBuildPhase;
			buildActionMask = 2147483647;
			files = (
			);
			runOnlyForDeploymentPostprocessing = 0;
		};
/* End PBXResourcesBuildPhase section */

/* Begin PBXShellScriptBuildPhase section */
		182F36AD1B30500900C49DCB /* ShellScript */ = {
			isa = PBXShellScriptBuildPhase;
			buildActionMask = 2147483647;
			files = (
			);
			inputPaths = (
			);
			outputPaths = (
			);
			runOnlyForDeploymentPostprocessing = 0;
			shellPath = /bin/sh;
			shellScript = "mogenerator -swift -m \"${PROJECT_DIR}/MAGCoreDataExample/Models/Model.xcdatamodeld\" -M \"${PROJECT_DIR}/MAGCoreDataExample/Models/MachineModel\" -H \"${PROJECT_DIR}/MAGCoreDataExample/Models/HumanModel\"";
			showEnvVarsInLog = 0;
		};
/* End PBXShellScriptBuildPhase section */

/* Begin PBXSourcesBuildPhase section */
		182F36771B304DC800C49DCB /* Sources */ = {
			isa = PBXSourcesBuildPhase;
			buildActionMask = 2147483647;
			files = (
				182F36C71B30523700C49DCB /* CarModel.swift in Sources */,
				182F36D71B30530900C49DCB /* MAGCoreData.swift in Sources */,
				182F36831B304DC900C49DCB /* ViewController.swift in Sources */,
				182F36C91B30523700C49DCB /* PersonModel.swift in Sources */,
				182F36811B304DC900C49DCB /* AppDelegate.swift in Sources */,
				182F36D51B30530900C49DCB /* FetchedResultsControllerManager.swift in Sources */,
				182F36D91B30530900C49DCB /* NSManagedObject+MAGCoreData.swift in Sources */,
				182F36DD1B3053A200C49DCB /* Model.xcdatamodeld in Sources */,
				182F36CD1B30523700C49DCB /* _PersonModel.swift in Sources */,
				182F36CB1B30523700C49DCB /* _CarModel.swift in Sources */,
			);
			runOnlyForDeploymentPostprocessing = 0;
		};
		182F368C1B304DCA00C49DCB /* Sources */ = {
			isa = PBXSourcesBuildPhase;
			buildActionMask = 2147483647;
			files = (
				182F36CC1B30523700C49DCB /* _CarModel.swift in Sources */,
				182F36CF1B30524900C49DCB /* MAGCoreDataExampleTests.swift in Sources */,
				182F36CE1B30523700C49DCB /* _PersonModel.swift in Sources */,
				182F36CA1B30523700C49DCB /* PersonModel.swift in Sources */,
				182F36D81B30530900C49DCB /* MAGCoreData.swift in Sources */,
				182F36DE1B3053A200C49DCB /* Model.xcdatamodeld in Sources */,
				182F36C81B30523700C49DCB /* CarModel.swift in Sources */,
				182F36D61B30530900C49DCB /* FetchedResultsControllerManager.swift in Sources */,
				182F36DA1B30530900C49DCB /* NSManagedObject+MAGCoreData.swift in Sources */,
			);
			runOnlyForDeploymentPostprocessing = 0;
		};
/* End PBXSourcesBuildPhase section */

/* Begin PBXTargetDependency section */
		182F36921B304DCA00C49DCB /* PBXTargetDependency */ = {
			isa = PBXTargetDependency;
			target = 182F367A1B304DC800C49DCB /* MAGCoreDataExample */;
			targetProxy = 182F36911B304DCA00C49DCB /* PBXContainerItemProxy */;
		};
/* End PBXTargetDependency section */

/* Begin PBXVariantGroup section */
		182F36841B304DCA00C49DCB /* Main.storyboard */ = {
			isa = PBXVariantGroup;
			children = (
				182F36851B304DCA00C49DCB /* Base */,
			);
			name = Main.storyboard;
			sourceTree = "<group>";
		};
		182F36891B304DCA00C49DCB /* LaunchScreen.xib */ = {
			isa = PBXVariantGroup;
			children = (
				182F368A1B304DCA00C49DCB /* Base */,
			);
			name = LaunchScreen.xib;
			sourceTree = "<group>";
		};
/* End PBXVariantGroup section */

/* Begin XCBuildConfiguration section */
		182F36981B304DCA00C49DCB /* Debug */ = {
			isa = XCBuildConfiguration;
			buildSettings = {
				ALWAYS_SEARCH_USER_PATHS = NO;
				CLANG_CXX_LANGUAGE_STANDARD = "gnu++0x";
				CLANG_CXX_LIBRARY = "libc++";
				CLANG_ENABLE_MODULES = YES;
				CLANG_ENABLE_OBJC_ARC = YES;
				CLANG_WARN_BOOL_CONVERSION = YES;
				CLANG_WARN_CONSTANT_CONVERSION = YES;
				CLANG_WARN_DIRECT_OBJC_ISA_USAGE = YES_ERROR;
				CLANG_WARN_EMPTY_BODY = YES;
				CLANG_WARN_ENUM_CONVERSION = YES;
				CLANG_WARN_INT_CONVERSION = YES;
				CLANG_WARN_OBJC_ROOT_CLASS = YES_ERROR;
				CLANG_WARN_UNREACHABLE_CODE = YES;
				CLANG_WARN__DUPLICATE_METHOD_MATCH = YES;
				"CODE_SIGN_IDENTITY[sdk=iphoneos*]" = "iPhone Developer";
				COPY_PHASE_STRIP = NO;
				DEBUG_INFORMATION_FORMAT = "dwarf-with-dsym";
				ENABLE_STRICT_OBJC_MSGSEND = YES;
				GCC_C_LANGUAGE_STANDARD = gnu99;
				GCC_DYNAMIC_NO_PIC = NO;
				GCC_NO_COMMON_BLOCKS = YES;
				GCC_OPTIMIZATION_LEVEL = 0;
				GCC_PREPROCESSOR_DEFINITIONS = (
					"DEBUG=1",
					"$(inherited)",
				);
				GCC_SYMBOLS_PRIVATE_EXTERN = NO;
				GCC_WARN_64_TO_32_BIT_CONVERSION = YES;
				GCC_WARN_ABOUT_RETURN_TYPE = YES_ERROR;
				GCC_WARN_UNDECLARED_SELECTOR = YES;
				GCC_WARN_UNINITIALIZED_AUTOS = YES_AGGRESSIVE;
				GCC_WARN_UNUSED_FUNCTION = YES;
				GCC_WARN_UNUSED_VARIABLE = YES;
				IPHONEOS_DEPLOYMENT_TARGET = 8.3;
				MTL_ENABLE_DEBUG_INFO = YES;
				ONLY_ACTIVE_ARCH = YES;
				SDKROOT = iphoneos;
				SWIFT_OPTIMIZATION_LEVEL = "-Onone";
				TARGETED_DEVICE_FAMILY = "1,2";
			};
			name = Debug;
		};
		182F36991B304DCA00C49DCB /* Release */ = {
			isa = XCBuildConfiguration;
			buildSettings = {
				ALWAYS_SEARCH_USER_PATHS = NO;
				CLANG_CXX_LANGUAGE_STANDARD = "gnu++0x";
				CLANG_CXX_LIBRARY = "libc++";
				CLANG_ENABLE_MODULES = YES;
				CLANG_ENABLE_OBJC_ARC = YES;
				CLANG_WARN_BOOL_CONVERSION = YES;
				CLANG_WARN_CONSTANT_CONVERSION = YES;
				CLANG_WARN_DIRECT_OBJC_ISA_USAGE = YES_ERROR;
				CLANG_WARN_EMPTY_BODY = YES;
				CLANG_WARN_ENUM_CONVERSION = YES;
				CLANG_WARN_INT_CONVERSION = YES;
				CLANG_WARN_OBJC_ROOT_CLASS = YES_ERROR;
				CLANG_WARN_UNREACHABLE_CODE = YES;
				CLANG_WARN__DUPLICATE_METHOD_MATCH = YES;
				"CODE_SIGN_IDENTITY[sdk=iphoneos*]" = "iPhone Developer";
				COPY_PHASE_STRIP = NO;
				DEBUG_INFORMATION_FORMAT = "dwarf-with-dsym";
				ENABLE_NS_ASSERTIONS = NO;
				ENABLE_STRICT_OBJC_MSGSEND = YES;
				GCC_C_LANGUAGE_STANDARD = gnu99;
				GCC_NO_COMMON_BLOCKS = YES;
				GCC_WARN_64_TO_32_BIT_CONVERSION = YES;
				GCC_WARN_ABOUT_RETURN_TYPE = YES_ERROR;
				GCC_WARN_UNDECLARED_SELECTOR = YES;
				GCC_WARN_UNINITIALIZED_AUTOS = YES_AGGRESSIVE;
				GCC_WARN_UNUSED_FUNCTION = YES;
				GCC_WARN_UNUSED_VARIABLE = YES;
				IPHONEOS_DEPLOYMENT_TARGET = 8.3;
				MTL_ENABLE_DEBUG_INFO = NO;
				SDKROOT = iphoneos;
				TARGETED_DEVICE_FAMILY = "1,2";
				VALIDATE_PRODUCT = YES;
			};
			name = Release;
		};
		182F369B1B304DCA00C49DCB /* Debug */ = {
			isa = XCBuildConfiguration;
			buildSettings = {
				ASSETCATALOG_COMPILER_APPICON_NAME = AppIcon;
				INFOPLIST_FILE = MAGCoreDataExample/Info.plist;
				LD_RUNPATH_SEARCH_PATHS = "$(inherited) @executable_path/Frameworks";
				PRODUCT_NAME = "$(TARGET_NAME)";
			};
			name = Debug;
		};
		182F369C1B304DCA00C49DCB /* Release */ = {
			isa = XCBuildConfiguration;
			buildSettings = {
				ASSETCATALOG_COMPILER_APPICON_NAME = AppIcon;
				INFOPLIST_FILE = MAGCoreDataExample/Info.plist;
				LD_RUNPATH_SEARCH_PATHS = "$(inherited) @executable_path/Frameworks";
				PRODUCT_NAME = "$(TARGET_NAME)";
			};
			name = Release;
		};
		182F369E1B304DCA00C49DCB /* Debug */ = {
			isa = XCBuildConfiguration;
			buildSettings = {
				FRAMEWORK_SEARCH_PATHS = (
					"$(SDKROOT)/Developer/Library/Frameworks",
					"$(inherited)",
				);
				GCC_PREPROCESSOR_DEFINITIONS = (
					"DEBUG=1",
					"$(inherited)",
				);
				INFOPLIST_FILE = MAGCoreDataExampleTests/Info.plist;
				LD_RUNPATH_SEARCH_PATHS = "$(inherited) @executable_path/Frameworks @loader_path/Frameworks";
				PRODUCT_NAME = "$(TARGET_NAME)";
			};
			name = Debug;
		};
		182F369F1B304DCA00C49DCB /* Release */ = {
			isa = XCBuildConfiguration;
			buildSettings = {
				FRAMEWORK_SEARCH_PATHS = (
					"$(SDKROOT)/Developer/Library/Frameworks",
					"$(inherited)",
				);
				INFOPLIST_FILE = MAGCoreDataExampleTests/Info.plist;
				LD_RUNPATH_SEARCH_PATHS = "$(inherited) @executable_path/Frameworks @loader_path/Frameworks";
				PRODUCT_NAME = "$(TARGET_NAME)";
			};
			name = Release;
		};
		182F36AB1B304FF900C49DCB /* Debug */ = {
			isa = XCBuildConfiguration;
			buildSettings = {
				PRODUCT_NAME = "$(TARGET_NAME)";
			};
			name = Debug;
		};
		182F36AC1B304FF900C49DCB /* Release */ = {
			isa = XCBuildConfiguration;
			buildSettings = {
				PRODUCT_NAME = "$(TARGET_NAME)";
			};
			name = Release;
		};
/* End XCBuildConfiguration section */

/* Begin XCConfigurationList section */
		182F36761B304DC800C49DCB /* Build configuration list for PBXProject "MAGCoreDataExample" */ = {
			isa = XCConfigurationList;
			buildConfigurations = (
				182F36981B304DCA00C49DCB /* Debug */,
				182F36991B304DCA00C49DCB /* Release */,
			);
			defaultConfigurationIsVisible = 0;
			defaultConfigurationName = Release;
		};
		182F369A1B304DCA00C49DCB /* Build configuration list for PBXNativeTarget "MAGCoreDataExample" */ = {
			isa = XCConfigurationList;
			buildConfigurations = (
				182F369B1B304DCA00C49DCB /* Debug */,
				182F369C1B304DCA00C49DCB /* Release */,
			);
			defaultConfigurationIsVisible = 0;
		};
		182F369D1B304DCA00C49DCB /* Build configuration list for PBXNativeTarget "MAGCoreDataExampleTests" */ = {
			isa = XCConfigurationList;
			buildConfigurations = (
				182F369E1B304DCA00C49DCB /* Debug */,
				182F369F1B304DCA00C49DCB /* Release */,
			);
			defaultConfigurationIsVisible = 0;
		};
		182F36AA1B304FF900C49DCB /* Build configuration list for PBXAggregateTarget "Mogenerator" */ = {
			isa = XCConfigurationList;
			buildConfigurations = (
				182F36AB1B304FF900C49DCB /* Debug */,
				182F36AC1B304FF900C49DCB /* Release */,
			);
			defaultConfigurationIsVisible = 0;
		};
/* End XCConfigurationList section */

/* Begin XCVersionGroup section */
		182F36DB1B3053A200C49DCB /* Model.xcdatamodeld */ = {
			isa = XCVersionGroup;
			children = (
				182F36DC1B3053A200C49DCB /* Model.xcdatamodel */,
			);
			currentVersion = 182F36DC1B3053A200C49DCB /* Model.xcdatamodel */;
			path = Model.xcdatamodeld;
			sourceTree = "<group>";
			versionGroupType = wrapper.xcdatamodel;
		};
/* End XCVersionGroup section */
	};
	rootObject = 182F36731B304DC800C49DCB /* Project object */;
}
